// !$*UTF8*$!
{
	archiveVersion = 1;
	classes = {
	};
	objectVersion = 56;
	objects = {

/* Begin PBXBuildFile section */
		9F26E0F12BB54E1300A0512A /* PopularMovieCell.swift in Sources */ = {isa = PBXBuildFile; fileRef = 9F26E0F02BB54E1300A0512A /* PopularMovieCell.swift */; };
		9F459CC22BB52C5E00BE7913 /* PopularMoviesCoordinator.swift in Sources */ = {isa = PBXBuildFile; fileRef = 9F459CC12BB52C5E00BE7913 /* PopularMoviesCoordinator.swift */; };
		9F459CC42BB52C8100BE7913 /* PopularMoviesViewModel.swift in Sources */ = {isa = PBXBuildFile; fileRef = 9F459CC32BB52C8100BE7913 /* PopularMoviesViewModel.swift */; };
		9F459CC62BB52C9B00BE7913 /* PopularMoviesViewController.swift in Sources */ = {isa = PBXBuildFile; fileRef = 9F459CC52BB52C9B00BE7913 /* PopularMoviesViewController.swift */; };
		9F459CC92BB52CC500BE7913 /* PopularMoviesView.swift in Sources */ = {isa = PBXBuildFile; fileRef = 9F459CC82BB52CC500BE7913 /* PopularMoviesView.swift */; };
		9F80310E2BA9F942002AC44B /* AppDelegate.swift in Sources */ = {isa = PBXBuildFile; fileRef = 9F80310D2BA9F942002AC44B /* AppDelegate.swift */; };
		9F8031102BA9F942002AC44B /* SceneDelegate.swift in Sources */ = {isa = PBXBuildFile; fileRef = 9F80310F2BA9F942002AC44B /* SceneDelegate.swift */; };
		9F8031122BA9F942002AC44B /* ViewController.swift in Sources */ = {isa = PBXBuildFile; fileRef = 9F8031112BA9F942002AC44B /* ViewController.swift */; };
		9F8031172BA9F949002AC44B /* Assets.xcassets in Resources */ = {isa = PBXBuildFile; fileRef = 9F8031162BA9F949002AC44B /* Assets.xcassets */; };
		9F80311A2BA9F949002AC44B /* Base in Resources */ = {isa = PBXBuildFile; fileRef = 9F8031192BA9F949002AC44B /* Base */; };
		9F8031252BA9F949002AC44B /* MovieDBViewCodeTests.swift in Sources */ = {isa = PBXBuildFile; fileRef = 9F8031242BA9F949002AC44B /* MovieDBViewCodeTests.swift */; };
		9F80312F2BA9F949002AC44B /* MovieDBViewCodeUITests.swift in Sources */ = {isa = PBXBuildFile; fileRef = 9F80312E2BA9F949002AC44B /* MovieDBViewCodeUITests.swift */; };
		9F8031312BA9F949002AC44B /* MovieDBViewCodeUITestsLaunchTests.swift in Sources */ = {isa = PBXBuildFile; fileRef = 9F8031302BA9F949002AC44B /* MovieDBViewCodeUITestsLaunchTests.swift */; };
		9F80315A2BAA0E1F002AC44B /* MainAppCoordinator.swift in Sources */ = {isa = PBXBuildFile; fileRef = 9F8031522BAA0E1F002AC44B /* MainAppCoordinator.swift */; };
		9F80315B2BAA0E1F002AC44B /* MainAppView.swift in Sources */ = {isa = PBXBuildFile; fileRef = 9F8031542BAA0E1F002AC44B /* MainAppView.swift */; };
		9F80315C2BAA0E1F002AC44B /* MainAppViewController.swift in Sources */ = {isa = PBXBuildFile; fileRef = 9F8031552BAA0E1F002AC44B /* MainAppViewController.swift */; };
		9F8031622BAA0E32002AC44B /* Coordinator.swift in Sources */ = {isa = PBXBuildFile; fileRef = 9F80315D2BAA0E32002AC44B /* Coordinator.swift */; };
		9F8031632BAA0E32002AC44B /* BaseViewCode.swift in Sources */ = {isa = PBXBuildFile; fileRef = 9F80315F2BAA0E32002AC44B /* BaseViewCode.swift */; };
		9F8031642BAA0E32002AC44B /* BaseViewController.swift in Sources */ = {isa = PBXBuildFile; fileRef = 9F8031602BAA0E32002AC44B /* BaseViewController.swift */; };
		9F8031662BAA25AC002AC44B /* BaseView.swift in Sources */ = {isa = PBXBuildFile; fileRef = 9F8031652BAA25AC002AC44B /* BaseView.swift */; };
		9FB1257A2BB6576B008920EC /* UIImage+Extension.swift in Sources */ = {isa = PBXBuildFile; fileRef = 9FB125792BB6576B008920EC /* UIImage+Extension.swift */; };
		9FDF79A62BAEC61A00222C77 /* GenericCardView.swift in Sources */ = {isa = PBXBuildFile; fileRef = 9FDF79A52BAEC61A00222C77 /* GenericCardView.swift */; };
		9FDF79A82BAF505500222C77 /* MainAppViewModel.swift in Sources */ = {isa = PBXBuildFile; fileRef = 9FDF79A72BAF505500222C77 /* MainAppViewModel.swift */; };
		9FF129502BB35CF00030134E /* MovieDBService.swift in Sources */ = {isa = PBXBuildFile; fileRef = 9FF1294F2BB35CF00030134E /* MovieDBService.swift */; };
		9FF129522BB35D470030134E /* MovieDBAPI.swift in Sources */ = {isa = PBXBuildFile; fileRef = 9FF129512BB35D470030134E /* MovieDBAPI.swift */; };
		9FF129592BB370000030134E /* MovieResult.swift in Sources */ = {isa = PBXBuildFile; fileRef = 9FF129582BB370000030134E /* MovieResult.swift */; };
/* End PBXBuildFile section */

/* Begin PBXContainerItemProxy section */
		9F8031212BA9F949002AC44B /* PBXContainerItemProxy */ = {
			isa = PBXContainerItemProxy;
			containerPortal = 9F8031022BA9F941002AC44B /* Project object */;
			proxyType = 1;
			remoteGlobalIDString = 9F8031092BA9F942002AC44B;
			remoteInfo = MovieDBViewCode;
		};
		9F80312B2BA9F949002AC44B /* PBXContainerItemProxy */ = {
			isa = PBXContainerItemProxy;
			containerPortal = 9F8031022BA9F941002AC44B /* Project object */;
			proxyType = 1;
			remoteGlobalIDString = 9F8031092BA9F942002AC44B;
			remoteInfo = MovieDBViewCode;
		};
/* End PBXContainerItemProxy section */

/* Begin PBXFileReference section */
		9F26E0F02BB54E1300A0512A /* PopularMovieCell.swift */ = {isa = PBXFileReference; lastKnownFileType = sourcecode.swift; path = PopularMovieCell.swift; sourceTree = "<group>"; };
		9F459CC12BB52C5E00BE7913 /* PopularMoviesCoordinator.swift */ = {isa = PBXFileReference; lastKnownFileType = sourcecode.swift; path = PopularMoviesCoordinator.swift; sourceTree = "<group>"; };
		9F459CC32BB52C8100BE7913 /* PopularMoviesViewModel.swift */ = {isa = PBXFileReference; lastKnownFileType = sourcecode.swift; path = PopularMoviesViewModel.swift; sourceTree = "<group>"; };
		9F459CC52BB52C9B00BE7913 /* PopularMoviesViewController.swift */ = {isa = PBXFileReference; lastKnownFileType = sourcecode.swift; path = PopularMoviesViewController.swift; sourceTree = "<group>"; };
		9F459CC82BB52CC500BE7913 /* PopularMoviesView.swift */ = {isa = PBXFileReference; lastKnownFileType = sourcecode.swift; path = PopularMoviesView.swift; sourceTree = "<group>"; };
		9F80310A2BA9F942002AC44B /* MovieDBViewCode.app */ = {isa = PBXFileReference; explicitFileType = wrapper.application; includeInIndex = 0; path = MovieDBViewCode.app; sourceTree = BUILT_PRODUCTS_DIR; };
		9F80310D2BA9F942002AC44B /* AppDelegate.swift */ = {isa = PBXFileReference; lastKnownFileType = sourcecode.swift; path = AppDelegate.swift; sourceTree = "<group>"; };
		9F80310F2BA9F942002AC44B /* SceneDelegate.swift */ = {isa = PBXFileReference; lastKnownFileType = sourcecode.swift; path = SceneDelegate.swift; sourceTree = "<group>"; };
		9F8031112BA9F942002AC44B /* ViewController.swift */ = {isa = PBXFileReference; lastKnownFileType = sourcecode.swift; path = ViewController.swift; sourceTree = "<group>"; };
		9F8031162BA9F949002AC44B /* Assets.xcassets */ = {isa = PBXFileReference; lastKnownFileType = folder.assetcatalog; path = Assets.xcassets; sourceTree = "<group>"; };
		9F8031192BA9F949002AC44B /* Base */ = {isa = PBXFileReference; lastKnownFileType = file.storyboard; name = Base; path = Base.lproj/LaunchScreen.storyboard; sourceTree = "<group>"; };
		9F80311B2BA9F949002AC44B /* Info.plist */ = {isa = PBXFileReference; lastKnownFileType = text.plist.xml; path = Info.plist; sourceTree = "<group>"; };
		9F8031202BA9F949002AC44B /* MovieDBViewCodeTests.xctest */ = {isa = PBXFileReference; explicitFileType = wrapper.cfbundle; includeInIndex = 0; path = MovieDBViewCodeTests.xctest; sourceTree = BUILT_PRODUCTS_DIR; };
		9F8031242BA9F949002AC44B /* MovieDBViewCodeTests.swift */ = {isa = PBXFileReference; lastKnownFileType = sourcecode.swift; path = MovieDBViewCodeTests.swift; sourceTree = "<group>"; };
		9F80312A2BA9F949002AC44B /* MovieDBViewCodeUITests.xctest */ = {isa = PBXFileReference; explicitFileType = wrapper.cfbundle; includeInIndex = 0; path = MovieDBViewCodeUITests.xctest; sourceTree = BUILT_PRODUCTS_DIR; };
		9F80312E2BA9F949002AC44B /* MovieDBViewCodeUITests.swift */ = {isa = PBXFileReference; lastKnownFileType = sourcecode.swift; path = MovieDBViewCodeUITests.swift; sourceTree = "<group>"; };
		9F8031302BA9F949002AC44B /* MovieDBViewCodeUITestsLaunchTests.swift */ = {isa = PBXFileReference; lastKnownFileType = sourcecode.swift; path = MovieDBViewCodeUITestsLaunchTests.swift; sourceTree = "<group>"; };
		9F8031522BAA0E1F002AC44B /* MainAppCoordinator.swift */ = {isa = PBXFileReference; fileEncoding = 4; lastKnownFileType = sourcecode.swift; path = MainAppCoordinator.swift; sourceTree = "<group>"; };
		9F8031542BAA0E1F002AC44B /* MainAppView.swift */ = {isa = PBXFileReference; fileEncoding = 4; lastKnownFileType = sourcecode.swift; path = MainAppView.swift; sourceTree = "<group>"; };
		9F8031552BAA0E1F002AC44B /* MainAppViewController.swift */ = {isa = PBXFileReference; fileEncoding = 4; lastKnownFileType = sourcecode.swift; path = MainAppViewController.swift; sourceTree = "<group>"; };
		9F80315D2BAA0E32002AC44B /* Coordinator.swift */ = {isa = PBXFileReference; fileEncoding = 4; lastKnownFileType = sourcecode.swift; path = Coordinator.swift; sourceTree = "<group>"; };
		9F80315F2BAA0E32002AC44B /* BaseViewCode.swift */ = {isa = PBXFileReference; fileEncoding = 4; lastKnownFileType = sourcecode.swift; path = BaseViewCode.swift; sourceTree = "<group>"; };
		9F8031602BAA0E32002AC44B /* BaseViewController.swift */ = {isa = PBXFileReference; fileEncoding = 4; lastKnownFileType = sourcecode.swift; path = BaseViewController.swift; sourceTree = "<group>"; };
		9F8031652BAA25AC002AC44B /* BaseView.swift */ = {isa = PBXFileReference; lastKnownFileType = sourcecode.swift; path = BaseView.swift; sourceTree = "<group>"; };
		9FB125792BB6576B008920EC /* UIImage+Extension.swift */ = {isa = PBXFileReference; lastKnownFileType = sourcecode.swift; path = "UIImage+Extension.swift"; sourceTree = "<group>"; };
		9FDF79A52BAEC61A00222C77 /* GenericCardView.swift */ = {isa = PBXFileReference; lastKnownFileType = sourcecode.swift; path = GenericCardView.swift; sourceTree = "<group>"; };
		9FDF79A72BAF505500222C77 /* MainAppViewModel.swift */ = {isa = PBXFileReference; lastKnownFileType = sourcecode.swift; path = MainAppViewModel.swift; sourceTree = "<group>"; };
		9FF1294F2BB35CF00030134E /* MovieDBService.swift */ = {isa = PBXFileReference; lastKnownFileType = sourcecode.swift; path = MovieDBService.swift; sourceTree = "<group>"; };
		9FF129512BB35D470030134E /* MovieDBAPI.swift */ = {isa = PBXFileReference; lastKnownFileType = sourcecode.swift; path = MovieDBAPI.swift; sourceTree = "<group>"; };
		9FF129582BB370000030134E /* MovieResult.swift */ = {isa = PBXFileReference; lastKnownFileType = sourcecode.swift; path = MovieResult.swift; sourceTree = "<group>"; };
/* End PBXFileReference section */

/* Begin PBXFrameworksBuildPhase section */
		9F8031072BA9F942002AC44B /* Frameworks */ = {
			isa = PBXFrameworksBuildPhase;
			buildActionMask = 2147483647;
			files = (
			);
			runOnlyForDeploymentPostprocessing = 0;
		};
		9F80311D2BA9F949002AC44B /* Frameworks */ = {
			isa = PBXFrameworksBuildPhase;
			buildActionMask = 2147483647;
			files = (
			);
			runOnlyForDeploymentPostprocessing = 0;
		};
		9F8031272BA9F949002AC44B /* Frameworks */ = {
			isa = PBXFrameworksBuildPhase;
			buildActionMask = 2147483647;
			files = (
			);
			runOnlyForDeploymentPostprocessing = 0;
		};
/* End PBXFrameworksBuildPhase section */

/* Begin PBXGroup section */
		9F459CC72BB52CB000BE7913 /* View Elements */ = {
			isa = PBXGroup;
			children = (
				9F26E0F02BB54E1300A0512A /* PopularMovieCell.swift */,
			);
			path = "View Elements";
			sourceTree = "<group>";
		};
		9F8031012BA9F941002AC44B = {
			isa = PBXGroup;
			children = (
				9F80310C2BA9F942002AC44B /* MovieDBViewCode */,
				9F8031232BA9F949002AC44B /* MovieDBViewCodeTests */,
				9F80312D2BA9F949002AC44B /* MovieDBViewCodeUITests */,
				9F80310B2BA9F942002AC44B /* Products */,
			);
			sourceTree = "<group>";
		};
		9F80310B2BA9F942002AC44B /* Products */ = {
			isa = PBXGroup;
			children = (
				9F80310A2BA9F942002AC44B /* MovieDBViewCode.app */,
				9F8031202BA9F949002AC44B /* MovieDBViewCodeTests.xctest */,
				9F80312A2BA9F949002AC44B /* MovieDBViewCodeUITests.xctest */,
			);
			name = Products;
			sourceTree = "<group>";
		};
		9F80310C2BA9F942002AC44B /* MovieDBViewCode */ = {
			isa = PBXGroup;
			children = (
				9FF1294E2BB35C9F0030134E /* Network */,
				9F8031612BAA0E32002AC44B /* Resources */,
				9F8031592BAA0E1F002AC44B /* Features */,
				9F80310D2BA9F942002AC44B /* AppDelegate.swift */,
				9F80310F2BA9F942002AC44B /* SceneDelegate.swift */,
				9F8031112BA9F942002AC44B /* ViewController.swift */,
				9F8031162BA9F949002AC44B /* Assets.xcassets */,
				9F8031182BA9F949002AC44B /* LaunchScreen.storyboard */,
				9F80311B2BA9F949002AC44B /* Info.plist */,
			);
			path = MovieDBViewCode;
			sourceTree = "<group>";
		};
		9F8031232BA9F949002AC44B /* MovieDBViewCodeTests */ = {
			isa = PBXGroup;
			children = (
				9F8031242BA9F949002AC44B /* MovieDBViewCodeTests.swift */,
			);
			path = MovieDBViewCodeTests;
			sourceTree = "<group>";
		};
		9F80312D2BA9F949002AC44B /* MovieDBViewCodeUITests */ = {
			isa = PBXGroup;
			children = (
				9F80312E2BA9F949002AC44B /* MovieDBViewCodeUITests.swift */,
				9F8031302BA9F949002AC44B /* MovieDBViewCodeUITestsLaunchTests.swift */,
			);
			path = MovieDBViewCodeUITests;
			sourceTree = "<group>";
		};
		9F8031532BAA0E1F002AC44B /* Coordinator */ = {
			isa = PBXGroup;
			children = (
				9F8031522BAA0E1F002AC44B /* MainAppCoordinator.swift */,
			);
			path = Coordinator;
			sourceTree = "<group>";
		};
		9F8031562BAA0E1F002AC44B /* View */ = {
			isa = PBXGroup;
			children = (
				9FDF79A42BAEC60300222C77 /* View Elements */,
				9F8031542BAA0E1F002AC44B /* MainAppView.swift */,
				9F8031552BAA0E1F002AC44B /* MainAppViewController.swift */,
			);
			path = View;
			sourceTree = "<group>";
		};
		9F8031572BAA0E1F002AC44B /* ViewModel */ = {
			isa = PBXGroup;
			children = (
				9FDF79A72BAF505500222C77 /* MainAppViewModel.swift */,
			);
			path = ViewModel;
			sourceTree = "<group>";
		};
		9F8031582BAA0E1F002AC44B /* Main App */ = {
			isa = PBXGroup;
			children = (
				9F8031532BAA0E1F002AC44B /* Coordinator */,
				9F8031572BAA0E1F002AC44B /* ViewModel */,
				9F8031562BAA0E1F002AC44B /* View */,
			);
			path = "Main App";
			sourceTree = "<group>";
		};
		9F8031592BAA0E1F002AC44B /* Features */ = {
			isa = PBXGroup;
			children = (
				9FF129532BB36F6A0030134E /* Popular Movies */,
				9F8031582BAA0E1F002AC44B /* Main App */,
			);
			path = Features;
			sourceTree = "<group>";
		};
		9F80315E2BAA0E32002AC44B /* Protocols */ = {
			isa = PBXGroup;
			children = (
				9F80315D2BAA0E32002AC44B /* Coordinator.swift */,
			);
			path = Protocols;
			sourceTree = "<group>";
		};
		9F8031612BAA0E32002AC44B /* Resources */ = {
			isa = PBXGroup;
			children = (
				9FB125782BB65725008920EC /* Extensions */,
				9F80315E2BAA0E32002AC44B /* Protocols */,
				9F8031652BAA25AC002AC44B /* BaseView.swift */,
				9F80315F2BAA0E32002AC44B /* BaseViewCode.swift */,
				9F8031602BAA0E32002AC44B /* BaseViewController.swift */,
			);
			path = Resources;
			sourceTree = "<group>";
		};
		9FB125782BB65725008920EC /* Extensions */ = {
			isa = PBXGroup;
			children = (
				9FB125792BB6576B008920EC /* UIImage+Extension.swift */,
			);
			path = Extensions;
			sourceTree = "<group>";
		};
		9FDF79A42BAEC60300222C77 /* View Elements */ = {
			isa = PBXGroup;
			children = (
				9FDF79A52BAEC61A00222C77 /* GenericCardView.swift */,
			);
			path = "View Elements";
			sourceTree = "<group>";
		};
		9FF1294E2BB35C9F0030134E /* Network */ = {
			isa = PBXGroup;
			children = (
				9FF1294F2BB35CF00030134E /* MovieDBService.swift */,
				9FF129512BB35D470030134E /* MovieDBAPI.swift */,
			);
			path = Network;
			sourceTree = "<group>";
		};
		9FF129532BB36F6A0030134E /* Popular Movies */ = {
			isa = PBXGroup;
			children = (
				9FF129572BB36FAC0030134E /* Coordinator */,
				9FF129562BB36F9E0030134E /* ViewModel */,
				9FF129552BB36F890030134E /* View */,
				9FF129542BB36F810030134E /* Model */,
			);
			path = "Popular Movies";
			sourceTree = "<group>";
		};
		9FF129542BB36F810030134E /* Model */ = {
			isa = PBXGroup;
			children = (
				9FF129582BB370000030134E /* MovieResult.swift */,
			);
			path = Model;
			sourceTree = "<group>";
		};
		9FF129552BB36F890030134E /* View */ = {
			isa = PBXGroup;
			children = (
				9F459CC72BB52CB000BE7913 /* View Elements */,
				9F459CC82BB52CC500BE7913 /* PopularMoviesView.swift */,
				9F459CC52BB52C9B00BE7913 /* PopularMoviesViewController.swift */,
			);
			path = View;
			sourceTree = "<group>";
		};
		9FF129562BB36F9E0030134E /* ViewModel */ = {
			isa = PBXGroup;
			children = (
				9F459CC32BB52C8100BE7913 /* PopularMoviesViewModel.swift */,
			);
			path = ViewModel;
			sourceTree = "<group>";
		};
		9FF129572BB36FAC0030134E /* Coordinator */ = {
			isa = PBXGroup;
			children = (
				9F459CC12BB52C5E00BE7913 /* PopularMoviesCoordinator.swift */,
			);
			path = Coordinator;
			sourceTree = "<group>";
		};
/* End PBXGroup section */

/* Begin PBXNativeTarget section */
		9F8031092BA9F942002AC44B /* MovieDBViewCode */ = {
			isa = PBXNativeTarget;
			buildConfigurationList = 9F8031342BA9F94A002AC44B /* Build configuration list for PBXNativeTarget "MovieDBViewCode" */;
			buildPhases = (
				9F8031062BA9F942002AC44B /* Sources */,
				9F8031072BA9F942002AC44B /* Frameworks */,
				9F8031082BA9F942002AC44B /* Resources */,
			);
			buildRules = (
			);
			dependencies = (
			);
			name = MovieDBViewCode;
			productName = MovieDBViewCode;
			productReference = 9F80310A2BA9F942002AC44B /* MovieDBViewCode.app */;
			productType = "com.apple.product-type.application";
		};
		9F80311F2BA9F949002AC44B /* MovieDBViewCodeTests */ = {
			isa = PBXNativeTarget;
			buildConfigurationList = 9F8031372BA9F94A002AC44B /* Build configuration list for PBXNativeTarget "MovieDBViewCodeTests" */;
			buildPhases = (
				9F80311C2BA9F949002AC44B /* Sources */,
				9F80311D2BA9F949002AC44B /* Frameworks */,
				9F80311E2BA9F949002AC44B /* Resources */,
			);
			buildRules = (
			);
			dependencies = (
				9F8031222BA9F949002AC44B /* PBXTargetDependency */,
			);
			name = MovieDBViewCodeTests;
			productName = MovieDBViewCodeTests;
			productReference = 9F8031202BA9F949002AC44B /* MovieDBViewCodeTests.xctest */;
			productType = "com.apple.product-type.bundle.unit-test";
		};
		9F8031292BA9F949002AC44B /* MovieDBViewCodeUITests */ = {
			isa = PBXNativeTarget;
			buildConfigurationList = 9F80313A2BA9F94A002AC44B /* Build configuration list for PBXNativeTarget "MovieDBViewCodeUITests" */;
			buildPhases = (
				9F8031262BA9F949002AC44B /* Sources */,
				9F8031272BA9F949002AC44B /* Frameworks */,
				9F8031282BA9F949002AC44B /* Resources */,
			);
			buildRules = (
			);
			dependencies = (
				9F80312C2BA9F949002AC44B /* PBXTargetDependency */,
			);
			name = MovieDBViewCodeUITests;
			productName = MovieDBViewCodeUITests;
			productReference = 9F80312A2BA9F949002AC44B /* MovieDBViewCodeUITests.xctest */;
			productType = "com.apple.product-type.bundle.ui-testing";
		};
/* End PBXNativeTarget section */

/* Begin PBXProject section */
		9F8031022BA9F941002AC44B /* Project object */ = {
			isa = PBXProject;
			attributes = {
				BuildIndependentTargetsInParallel = 1;
				LastSwiftUpdateCheck = 1530;
				LastUpgradeCheck = 1530;
				TargetAttributes = {
					9F8031092BA9F942002AC44B = {
						CreatedOnToolsVersion = 15.3;
					};
					9F80311F2BA9F949002AC44B = {
						CreatedOnToolsVersion = 15.3;
						TestTargetID = 9F8031092BA9F942002AC44B;
					};
					9F8031292BA9F949002AC44B = {
						CreatedOnToolsVersion = 15.3;
						TestTargetID = 9F8031092BA9F942002AC44B;
					};
				};
			};
			buildConfigurationList = 9F8031052BA9F941002AC44B /* Build configuration list for PBXProject "MovieDBViewCode" */;
			compatibilityVersion = "Xcode 14.0";
			developmentRegion = en;
			hasScannedForEncodings = 0;
			knownRegions = (
				en,
				Base,
			);
			mainGroup = 9F8031012BA9F941002AC44B;
			productRefGroup = 9F80310B2BA9F942002AC44B /* Products */;
			projectDirPath = "";
			projectRoot = "";
			targets = (
				9F8031092BA9F942002AC44B /* MovieDBViewCode */,
				9F80311F2BA9F949002AC44B /* MovieDBViewCodeTests */,
				9F8031292BA9F949002AC44B /* MovieDBViewCodeUITests */,
			);
		};
/* End PBXProject section */

/* Begin PBXResourcesBuildPhase section */
		9F8031082BA9F942002AC44B /* Resources */ = {
			isa = PBXResourcesBuildPhase;
			buildActionMask = 2147483647;
			files = (
				9F8031172BA9F949002AC44B /* Assets.xcassets in Resources */,
				9F80311A2BA9F949002AC44B /* Base in Resources */,
			);
			runOnlyForDeploymentPostprocessing = 0;
		};
		9F80311E2BA9F949002AC44B /* Resources */ = {
			isa = PBXResourcesBuildPhase;
			buildActionMask = 2147483647;
			files = (
			);
			runOnlyForDeploymentPostprocessing = 0;
		};
		9F8031282BA9F949002AC44B /* Resources */ = {
			isa = PBXResourcesBuildPhase;
			buildActionMask = 2147483647;
			files = (
			);
			runOnlyForDeploymentPostprocessing = 0;
		};
/* End PBXResourcesBuildPhase section */

/* Begin PBXSourcesBuildPhase section */
		9F8031062BA9F942002AC44B /* Sources */ = {
			isa = PBXSourcesBuildPhase;
			buildActionMask = 2147483647;
			files = (
				9FB1257A2BB6576B008920EC /* UIImage+Extension.swift in Sources */,
				9FDF79A62BAEC61A00222C77 /* GenericCardView.swift in Sources */,
				9F8031122BA9F942002AC44B /* ViewController.swift in Sources */,
				9F80315C2BAA0E1F002AC44B /* MainAppViewController.swift in Sources */,
				9F459CC22BB52C5E00BE7913 /* PopularMoviesCoordinator.swift in Sources */,
				9F80315B2BAA0E1F002AC44B /* MainAppView.swift in Sources */,
				9F80315A2BAA0E1F002AC44B /* MainAppCoordinator.swift in Sources */,
				9F80310E2BA9F942002AC44B /* AppDelegate.swift in Sources */,
				9F459CC62BB52C9B00BE7913 /* PopularMoviesViewController.swift in Sources */,
				9FF129502BB35CF00030134E /* MovieDBService.swift in Sources */,
				9F8031642BAA0E32002AC44B /* BaseViewController.swift in Sources */,
				9F459CC92BB52CC500BE7913 /* PopularMoviesView.swift in Sources */,
				9F459CC42BB52C8100BE7913 /* PopularMoviesViewModel.swift in Sources */,
				9F26E0F12BB54E1300A0512A /* PopularMovieCell.swift in Sources */,
				9FDF79A82BAF505500222C77 /* MainAppViewModel.swift in Sources */,
				9FF129522BB35D470030134E /* MovieDBAPI.swift in Sources */,
				9F8031102BA9F942002AC44B /* SceneDelegate.swift in Sources */,
				9F8031662BAA25AC002AC44B /* BaseView.swift in Sources */,
				9F8031632BAA0E32002AC44B /* BaseViewCode.swift in Sources */,
				9FF129592BB370000030134E /* MovieResult.swift in Sources */,
				9F8031622BAA0E32002AC44B /* Coordinator.swift in Sources */,
			);
			runOnlyForDeploymentPostprocessing = 0;
		};
		9F80311C2BA9F949002AC44B /* Sources */ = {
			isa = PBXSourcesBuildPhase;
			buildActionMask = 2147483647;
			files = (
				9F8031252BA9F949002AC44B /* MovieDBViewCodeTests.swift in Sources */,
			);
			runOnlyForDeploymentPostprocessing = 0;
		};
		9F8031262BA9F949002AC44B /* Sources */ = {
			isa = PBXSourcesBuildPhase;
			buildActionMask = 2147483647;
			files = (
				9F80312F2BA9F949002AC44B /* MovieDBViewCodeUITests.swift in Sources */,
				9F8031312BA9F949002AC44B /* MovieDBViewCodeUITestsLaunchTests.swift in Sources */,
			);
			runOnlyForDeploymentPostprocessing = 0;
		};
/* End PBXSourcesBuildPhase section */

/* Begin PBXTargetDependency section */
		9F8031222BA9F949002AC44B /* PBXTargetDependency */ = {
			isa = PBXTargetDependency;
			target = 9F8031092BA9F942002AC44B /* MovieDBViewCode */;
			targetProxy = 9F8031212BA9F949002AC44B /* PBXContainerItemProxy */;
		};
		9F80312C2BA9F949002AC44B /* PBXTargetDependency */ = {
			isa = PBXTargetDependency;
			target = 9F8031092BA9F942002AC44B /* MovieDBViewCode */;
			targetProxy = 9F80312B2BA9F949002AC44B /* PBXContainerItemProxy */;
		};
/* End PBXTargetDependency section */

/* Begin PBXVariantGroup section */
		9F8031182BA9F949002AC44B /* LaunchScreen.storyboard */ = {
			isa = PBXVariantGroup;
			children = (
				9F8031192BA9F949002AC44B /* Base */,
			);
			name = LaunchScreen.storyboard;
			sourceTree = "<group>";
		};
/* End PBXVariantGroup section */

/* Begin XCBuildConfiguration section */
		9F8031322BA9F94A002AC44B /* Debug */ = {
			isa = XCBuildConfiguration;
			buildSettings = {
				ALWAYS_SEARCH_USER_PATHS = NO;
				ASSETCATALOG_COMPILER_GENERATE_SWIFT_ASSET_SYMBOL_EXTENSIONS = YES;
				CLANG_ANALYZER_NONNULL = YES;
				CLANG_ANALYZER_NUMBER_OBJECT_CONVERSION = YES_AGGRESSIVE;
				CLANG_CXX_LANGUAGE_STANDARD = "gnu++20";
				CLANG_ENABLE_MODULES = YES;
				CLANG_ENABLE_OBJC_ARC = YES;
				CLANG_ENABLE_OBJC_WEAK = YES;
				CLANG_WARN_BLOCK_CAPTURE_AUTORELEASING = YES;
				CLANG_WARN_BOOL_CONVERSION = YES;
				CLANG_WARN_COMMA = YES;
				CLANG_WARN_CONSTANT_CONVERSION = YES;
				CLANG_WARN_DEPRECATED_OBJC_IMPLEMENTATIONS = YES;
				CLANG_WARN_DIRECT_OBJC_ISA_USAGE = YES_ERROR;
				CLANG_WARN_DOCUMENTATION_COMMENTS = YES;
				CLANG_WARN_EMPTY_BODY = YES;
				CLANG_WARN_ENUM_CONVERSION = YES;
				CLANG_WARN_INFINITE_RECURSION = YES;
				CLANG_WARN_INT_CONVERSION = YES;
				CLANG_WARN_NON_LITERAL_NULL_CONVERSION = YES;
				CLANG_WARN_OBJC_IMPLICIT_RETAIN_SELF = YES;
				CLANG_WARN_OBJC_LITERAL_CONVERSION = YES;
				CLANG_WARN_OBJC_ROOT_CLASS = YES_ERROR;
				CLANG_WARN_QUOTED_INCLUDE_IN_FRAMEWORK_HEADER = YES;
				CLANG_WARN_RANGE_LOOP_ANALYSIS = YES;
				CLANG_WARN_STRICT_PROTOTYPES = YES;
				CLANG_WARN_SUSPICIOUS_MOVE = YES;
				CLANG_WARN_UNGUARDED_AVAILABILITY = YES_AGGRESSIVE;
				CLANG_WARN_UNREACHABLE_CODE = YES;
				CLANG_WARN__DUPLICATE_METHOD_MATCH = YES;
				COPY_PHASE_STRIP = NO;
				DEBUG_INFORMATION_FORMAT = dwarf;
				ENABLE_STRICT_OBJC_MSGSEND = YES;
				ENABLE_TESTABILITY = YES;
				ENABLE_USER_SCRIPT_SANDBOXING = YES;
				GCC_C_LANGUAGE_STANDARD = gnu17;
				GCC_DYNAMIC_NO_PIC = NO;
				GCC_NO_COMMON_BLOCKS = YES;
				GCC_OPTIMIZATION_LEVEL = 0;
				GCC_PREPROCESSOR_DEFINITIONS = (
					"DEBUG=1",
					"$(inherited)",
				);
				GCC_WARN_64_TO_32_BIT_CONVERSION = YES;
				GCC_WARN_ABOUT_RETURN_TYPE = YES_ERROR;
				GCC_WARN_UNDECLARED_SELECTOR = YES;
				GCC_WARN_UNINITIALIZED_AUTOS = YES_AGGRESSIVE;
				GCC_WARN_UNUSED_FUNCTION = YES;
				GCC_WARN_UNUSED_VARIABLE = YES;
				IPHONEOS_DEPLOYMENT_TARGET = 17.4;
				LOCALIZATION_PREFERS_STRING_CATALOGS = YES;
				MTL_ENABLE_DEBUG_INFO = INCLUDE_SOURCE;
				MTL_FAST_MATH = YES;
				ONLY_ACTIVE_ARCH = YES;
				SDKROOT = iphoneos;
				SWIFT_ACTIVE_COMPILATION_CONDITIONS = "DEBUG $(inherited)";
				SWIFT_OPTIMIZATION_LEVEL = "-Onone";
			};
			name = Debug;
		};
		9F8031332BA9F94A002AC44B /* Release */ = {
			isa = XCBuildConfiguration;
			buildSettings = {
				ALWAYS_SEARCH_USER_PATHS = NO;
				ASSETCATALOG_COMPILER_GENERATE_SWIFT_ASSET_SYMBOL_EXTENSIONS = YES;
				CLANG_ANALYZER_NONNULL = YES;
				CLANG_ANALYZER_NUMBER_OBJECT_CONVERSION = YES_AGGRESSIVE;
				CLANG_CXX_LANGUAGE_STANDARD = "gnu++20";
				CLANG_ENABLE_MODULES = YES;
				CLANG_ENABLE_OBJC_ARC = YES;
				CLANG_ENABLE_OBJC_WEAK = YES;
				CLANG_WARN_BLOCK_CAPTURE_AUTORELEASING = YES;
				CLANG_WARN_BOOL_CONVERSION = YES;
				CLANG_WARN_COMMA = YES;
				CLANG_WARN_CONSTANT_CONVERSION = YES;
				CLANG_WARN_DEPRECATED_OBJC_IMPLEMENTATIONS = YES;
				CLANG_WARN_DIRECT_OBJC_ISA_USAGE = YES_ERROR;
				CLANG_WARN_DOCUMENTATION_COMMENTS = YES;
				CLANG_WARN_EMPTY_BODY = YES;
				CLANG_WARN_ENUM_CONVERSION = YES;
				CLANG_WARN_INFINITE_RECURSION = YES;
				CLANG_WARN_INT_CONVERSION = YES;
				CLANG_WARN_NON_LITERAL_NULL_CONVERSION = YES;
				CLANG_WARN_OBJC_IMPLICIT_RETAIN_SELF = YES;
				CLANG_WARN_OBJC_LITERAL_CONVERSION = YES;
				CLANG_WARN_OBJC_ROOT_CLASS = YES_ERROR;
				CLANG_WARN_QUOTED_INCLUDE_IN_FRAMEWORK_HEADER = YES;
				CLANG_WARN_RANGE_LOOP_ANALYSIS = YES;
				CLANG_WARN_STRICT_PROTOTYPES = YES;
				CLANG_WARN_SUSPICIOUS_MOVE = YES;
				CLANG_WARN_UNGUARDED_AVAILABILITY = YES_AGGRESSIVE;
				CLANG_WARN_UNREACHABLE_CODE = YES;
				CLANG_WARN__DUPLICATE_METHOD_MATCH = YES;
				COPY_PHASE_STRIP = NO;
				DEBUG_INFORMATION_FORMAT = "dwarf-with-dsym";
				ENABLE_NS_ASSERTIONS = NO;
				ENABLE_STRICT_OBJC_MSGSEND = YES;
				ENABLE_USER_SCRIPT_SANDBOXING = YES;
				GCC_C_LANGUAGE_STANDARD = gnu17;
				GCC_NO_COMMON_BLOCKS = YES;
				GCC_WARN_64_TO_32_BIT_CONVERSION = YES;
				GCC_WARN_ABOUT_RETURN_TYPE = YES_ERROR;
				GCC_WARN_UNDECLARED_SELECTOR = YES;
				GCC_WARN_UNINITIALIZED_AUTOS = YES_AGGRESSIVE;
				GCC_WARN_UNUSED_FUNCTION = YES;
				GCC_WARN_UNUSED_VARIABLE = YES;
				IPHONEOS_DEPLOYMENT_TARGET = 17.4;
				LOCALIZATION_PREFERS_STRING_CATALOGS = YES;
				MTL_ENABLE_DEBUG_INFO = NO;
				MTL_FAST_MATH = YES;
				SDKROOT = iphoneos;
				SWIFT_COMPILATION_MODE = wholemodule;
				VALIDATE_PRODUCT = YES;
			};
			name = Release;
		};
		9F8031352BA9F94A002AC44B /* Debug */ = {
			isa = XCBuildConfiguration;
			buildSettings = {
				ASSETCATALOG_COMPILER_APPICON_NAME = AppIcon;
				ASSETCATALOG_COMPILER_GLOBAL_ACCENT_COLOR_NAME = AccentColor;
				CODE_SIGN_STYLE = Automatic;
				CURRENT_PROJECT_VERSION = 1;
				DEVELOPMENT_TEAM = NYX5QCYS9V;
				GENERATE_INFOPLIST_FILE = YES;
				INFOPLIST_FILE = MovieDBViewCode/Info.plist;
				INFOPLIST_KEY_UIApplicationSupportsIndirectInputEvents = YES;
				INFOPLIST_KEY_UILaunchStoryboardName = LaunchScreen;
				INFOPLIST_KEY_UIMainStoryboardFile = "";
				INFOPLIST_KEY_UISupportedInterfaceOrientations_iPad = "UIInterfaceOrientationPortrait UIInterfaceOrientationPortraitUpsideDown UIInterfaceOrientationLandscapeLeft UIInterfaceOrientationLandscapeRight";
				INFOPLIST_KEY_UISupportedInterfaceOrientations_iPhone = "UIInterfaceOrientationPortrait UIInterfaceOrientationLandscapeLeft UIInterfaceOrientationLandscapeRight";
				LD_RUNPATH_SEARCH_PATHS = (
					"$(inherited)",
					"@executable_path/Frameworks",
				);
				MARKETING_VERSION = 1.0;
				PRODUCT_BUNDLE_IDENTIFIER = com.diegoribeiro.MovieDBViewCode;
				PRODUCT_NAME = "$(TARGET_NAME)";
				SWIFT_EMIT_LOC_STRINGS = YES;
				SWIFT_VERSION = 5.0;
				TARGETED_DEVICE_FAMILY = "1,2";
			};
			name = Debug;
		};
		9F8031362BA9F94A002AC44B /* Release */ = {
			isa = XCBuildConfiguration;
			buildSettings = {
				ASSETCATALOG_COMPILER_APPICON_NAME = AppIcon;
				ASSETCATALOG_COMPILER_GLOBAL_ACCENT_COLOR_NAME = AccentColor;
				CODE_SIGN_STYLE = Automatic;
				CURRENT_PROJECT_VERSION = 1;
				DEVELOPMENT_TEAM = NYX5QCYS9V;
				GENERATE_INFOPLIST_FILE = YES;
				INFOPLIST_FILE = MovieDBViewCode/Info.plist;
				INFOPLIST_KEY_UIApplicationSupportsIndirectInputEvents = YES;
				INFOPLIST_KEY_UILaunchStoryboardName = LaunchScreen;
				INFOPLIST_KEY_UIMainStoryboardFile = "";
				INFOPLIST_KEY_UISupportedInterfaceOrientations_iPad = "UIInterfaceOrientationPortrait UIInterfaceOrientationPortraitUpsideDown UIInterfaceOrientationLandscapeLeft UIInterfaceOrientationLandscapeRight";
				INFOPLIST_KEY_UISupportedInterfaceOrientations_iPhone = "UIInterfaceOrientationPortrait UIInterfaceOrientationLandscapeLeft UIInterfaceOrientationLandscapeRight";
				LD_RUNPATH_SEARCH_PATHS = (
					"$(inherited)",
					"@executable_path/Frameworks",
				);
				MARKETING_VERSION = 1.0;
				PRODUCT_BUNDLE_IDENTIFIER = com.diegoribeiro.MovieDBViewCode;
				PRODUCT_NAME = "$(TARGET_NAME)";
				SWIFT_EMIT_LOC_STRINGS = YES;
				SWIFT_VERSION = 5.0;
				TARGETED_DEVICE_FAMILY = "1,2";
			};
			name = Release;
		};
		9F8031382BA9F94A002AC44B /* Debug */ = {
			isa = XCBuildConfiguration;
			buildSettings = {
				ALWAYS_EMBED_SWIFT_STANDARD_LIBRARIES = YES;
				BUNDLE_LOADER = "$(TEST_HOST)";
				CODE_SIGN_STYLE = Automatic;
				CURRENT_PROJECT_VERSION = 1;
				DEVELOPMENT_TEAM = NYX5QCYS9V;
				GENERATE_INFOPLIST_FILE = YES;
				IPHONEOS_DEPLOYMENT_TARGET = 17.4;
				MARKETING_VERSION = 1.0;
				PRODUCT_BUNDLE_IDENTIFIER = com.diegoribeiro.MovieDBViewCodeTests;
				PRODUCT_NAME = "$(TARGET_NAME)";
				SWIFT_EMIT_LOC_STRINGS = NO;
				SWIFT_VERSION = 5.0;
				TARGETED_DEVICE_FAMILY = "1,2";
				TEST_HOST = "$(BUILT_PRODUCTS_DIR)/MovieDBViewCode.app/$(BUNDLE_EXECUTABLE_FOLDER_PATH)/MovieDBViewCode";
			};
			name = Debug;
		};
		9F8031392BA9F94A002AC44B /* Release */ = {
			isa = XCBuildConfiguration;
			buildSettings = {
				ALWAYS_EMBED_SWIFT_STANDARD_LIBRARIES = YES;
				BUNDLE_LOADER = "$(TEST_HOST)";
				CODE_SIGN_STYLE = Automatic;
				CURRENT_PROJECT_VERSION = 1;
				DEVELOPMENT_TEAM = NYX5QCYS9V;
				GENERATE_INFOPLIST_FILE = YES;
				IPHONEOS_DEPLOYMENT_TARGET = 17.4;
				MARKETING_VERSION = 1.0;
				PRODUCT_BUNDLE_IDENTIFIER = com.diegoribeiro.MovieDBViewCodeTests;
				PRODUCT_NAME = "$(TARGET_NAME)";
				SWIFT_EMIT_LOC_STRINGS = NO;
				SWIFT_VERSION = 5.0;
				TARGETED_DEVICE_FAMILY = "1,2";
				TEST_HOST = "$(BUILT_PRODUCTS_DIR)/MovieDBViewCode.app/$(BUNDLE_EXECUTABLE_FOLDER_PATH)/MovieDBViewCode";
			};
			name = Release;
		};
		9F80313B2BA9F94A002AC44B /* Debug */ = {
			isa = XCBuildConfiguration;
			buildSettings = {
				ALWAYS_EMBED_SWIFT_STANDARD_LIBRARIES = YES;
				CODE_SIGN_STYLE = Automatic;
				CURRENT_PROJECT_VERSION = 1;
				DEVELOPMENT_TEAM = NYX5QCYS9V;
				GENERATE_INFOPLIST_FILE = YES;
				MARKETING_VERSION = 1.0;
				PRODUCT_BUNDLE_IDENTIFIER = com.diegoribeiro.MovieDBViewCodeUITests;
				PRODUCT_NAME = "$(TARGET_NAME)";
				SWIFT_EMIT_LOC_STRINGS = NO;
				SWIFT_VERSION = 5.0;
				TARGETED_DEVICE_FAMILY = "1,2";
				TEST_TARGET_NAME = MovieDBViewCode;
			};
			name = Debug;
		};
		9F80313C2BA9F94A002AC44B /* Release */ = {
			isa = XCBuildConfiguration;
			buildSettings = {
				ALWAYS_EMBED_SWIFT_STANDARD_LIBRARIES = YES;
				CODE_SIGN_STYLE = Automatic;
				CURRENT_PROJECT_VERSION = 1;
				DEVELOPMENT_TEAM = NYX5QCYS9V;
				GENERATE_INFOPLIST_FILE = YES;
				MARKETING_VERSION = 1.0;
				PRODUCT_BUNDLE_IDENTIFIER = com.diegoribeiro.MovieDBViewCodeUITests;
				PRODUCT_NAME = "$(TARGET_NAME)";
				SWIFT_EMIT_LOC_STRINGS = NO;
				SWIFT_VERSION = 5.0;
				TARGETED_DEVICE_FAMILY = "1,2";
				TEST_TARGET_NAME = MovieDBViewCode;
			};
			name = Release;
		};
/* End XCBuildConfiguration section */

/* Begin XCConfigurationList section */
		9F8031052BA9F941002AC44B /* Build configuration list for PBXProject "MovieDBViewCode" */ = {
			isa = XCConfigurationList;
			buildConfigurations = (
				9F8031322BA9F94A002AC44B /* Debug */,
				9F8031332BA9F94A002AC44B /* Release */,
			);
			defaultConfigurationIsVisible = 0;
			defaultConfigurationName = Release;
		};
		9F8031342BA9F94A002AC44B /* Build configuration list for PBXNativeTarget "MovieDBViewCode" */ = {
			isa = XCConfigurationList;
			buildConfigurations = (
				9F8031352BA9F94A002AC44B /* Debug */,
				9F8031362BA9F94A002AC44B /* Release */,
			);
			defaultConfigurationIsVisible = 0;
			defaultConfigurationName = Release;
		};
		9F8031372BA9F94A002AC44B /* Build configuration list for PBXNativeTarget "MovieDBViewCodeTests" */ = {
			isa = XCConfigurationList;
			buildConfigurations = (
				9F8031382BA9F94A002AC44B /* Debug */,
				9F8031392BA9F94A002AC44B /* Release */,
			);
			defaultConfigurationIsVisible = 0;
			defaultConfigurationName = Release;
		};
		9F80313A2BA9F94A002AC44B /* Build configuration list for PBXNativeTarget "MovieDBViewCodeUITests" */ = {
			isa = XCConfigurationList;
			buildConfigurations = (
				9F80313B2BA9F94A002AC44B /* Debug */,
				9F80313C2BA9F94A002AC44B /* Release */,
			);
			defaultConfigurationIsVisible = 0;
			defaultConfigurationName = Release;
		};
/* End XCConfigurationList section */
	};
	rootObject = 9F8031022BA9F941002AC44B /* Project object */;
}
